// !$*UTF8*$!
{
	archiveVersion = 1;
	classes = {
	};
	objectVersion = 55;
	objects = {

/* Begin PBXBuildFile section */
		6F614D192859FFA100524681 /* PhotoAssetFetcher.swift in Sources */ = {isa = PBXBuildFile; fileRef = 6F614D182859FFA100524681 /* PhotoAssetFetcher.swift */; };
		6F614D1B285A1A8F00524681 /* opencv2.framework in Frameworks */ = {isa = PBXBuildFile; fileRef = 6F614D1A285A1A8F00524681 /* opencv2.framework */; };
		6F614D1F285DC19A00524681 /* PhotoAsset.swift in Sources */ = {isa = PBXBuildFile; fileRef = 6F614D1E285DC19A00524681 /* PhotoAsset.swift */; };
		6F614D21285DCB2E00524681 /* _ImageLoader.swift in Sources */ = {isa = PBXBuildFile; fileRef = 6F614D20285DCB2E00524681 /* _ImageLoader.swift */; };
		6F614D23285DCC2B00524681 /* CherryService.swift in Sources */ = {isa = PBXBuildFile; fileRef = 6F614D22285DCC2B00524681 /* CherryService.swift */; };
		D83CEA3D276B2DC200435CD0 /* HistogramClassifier.mm in Sources */ = {isa = PBXBuildFile; fileRef = D83CEA3C276B2DC200435CD0 /* HistogramClassifier.mm */; };
		D848B47127661017007A005E /* CherryApp.swift in Sources */ = {isa = PBXBuildFile; fileRef = D848B47027661017007A005E /* CherryApp.swift */; };
		D848B47527661018007A005E /* Assets.xcassets in Resources */ = {isa = PBXBuildFile; fileRef = D848B47427661018007A005E /* Assets.xcassets */; };
		D848B47827661018007A005E /* Preview Assets.xcassets in Resources */ = {isa = PBXBuildFile; fileRef = D848B47727661018007A005E /* Preview Assets.xcassets */; };
		D848B4882766121F007A005E /* GalleryView.swift in Sources */ = {isa = PBXBuildFile; fileRef = D848B4862766121F007A005E /* GalleryView.swift */; };
		D848B48B276612EC007A005E /* ImageLoader.swift in Sources */ = {isa = PBXBuildFile; fileRef = D848B48A276612EC007A005E /* ImageLoader.swift */; };
		D848B48D27661343007A005E /* AsyncImage.swift in Sources */ = {isa = PBXBuildFile; fileRef = D848B48C27661343007A005E /* AsyncImage.swift */; };
		D848B48F27661530007A005E /* PhotoLibrary.swift in Sources */ = {isa = PBXBuildFile; fileRef = D848B48E27661530007A005E /* PhotoLibrary.swift */; };
		D848B493276656B6007A005E /* ImageSliderView.swift in Sources */ = {isa = PBXBuildFile; fileRef = D848B492276656B6007A005E /* ImageSliderView.swift */; };
		D8536ECD276B85C20019C05F /* Collections in Frameworks */ = {isa = PBXBuildFile; productRef = D8536ECC276B85C20019C05F /* Collections */; };
		D8536ECF276B85C20019C05F /* DequeModule in Frameworks */ = {isa = PBXBuildFile; productRef = D8536ECE276B85C20019C05F /* DequeModule */; };
		D8536ED1276B85C20019C05F /* OrderedCollections in Frameworks */ = {isa = PBXBuildFile; productRef = D8536ED0276B85C20019C05F /* OrderedCollections */; };
/* End PBXBuildFile section */

/* Begin PBXFileReference section */
		6F614D182859FFA100524681 /* PhotoAssetFetcher.swift */ = {isa = PBXFileReference; lastKnownFileType = sourcecode.swift; path = PhotoAssetFetcher.swift; sourceTree = "<group>"; };
		6F614D1A285A1A8F00524681 /* opencv2.framework */ = {isa = PBXFileReference; lastKnownFileType = wrapper.framework; path = opencv2.framework; sourceTree = "<group>"; };
		6F614D1E285DC19A00524681 /* PhotoAsset.swift */ = {isa = PBXFileReference; lastKnownFileType = sourcecode.swift; path = PhotoAsset.swift; sourceTree = "<group>"; };
		6F614D20285DCB2E00524681 /* _ImageLoader.swift */ = {isa = PBXFileReference; lastKnownFileType = sourcecode.swift; path = _ImageLoader.swift; sourceTree = "<group>"; };
		6F614D22285DCC2B00524681 /* CherryService.swift */ = {isa = PBXFileReference; lastKnownFileType = sourcecode.swift; path = CherryService.swift; sourceTree = "<group>"; };
		D83CEA3A276B2DC200435CD0 /* Cherry-Bridging-Header.h */ = {isa = PBXFileReference; lastKnownFileType = sourcecode.c.h; path = "Cherry-Bridging-Header.h"; sourceTree = "<group>"; };
		D83CEA3B276B2DC200435CD0 /* HistogramClassifier.h */ = {isa = PBXFileReference; lastKnownFileType = sourcecode.c.h; path = HistogramClassifier.h; sourceTree = "<group>"; };
		D83CEA3C276B2DC200435CD0 /* HistogramClassifier.mm */ = {isa = PBXFileReference; lastKnownFileType = sourcecode.cpp.objcpp; path = HistogramClassifier.mm; sourceTree = "<group>"; };
		D848B46D27661017007A005E /* Cherry.app */ = {isa = PBXFileReference; explicitFileType = wrapper.application; includeInIndex = 0; path = Cherry.app; sourceTree = BUILT_PRODUCTS_DIR; };
		D848B47027661017007A005E /* CherryApp.swift */ = {isa = PBXFileReference; lastKnownFileType = sourcecode.swift; path = CherryApp.swift; sourceTree = "<group>"; };
		D848B47427661018007A005E /* Assets.xcassets */ = {isa = PBXFileReference; lastKnownFileType = folder.assetcatalog; path = Assets.xcassets; sourceTree = "<group>"; };
		D848B47727661018007A005E /* Preview Assets.xcassets */ = {isa = PBXFileReference; lastKnownFileType = folder.assetcatalog; path = "Preview Assets.xcassets"; sourceTree = "<group>"; };
		D848B4862766121F007A005E /* GalleryView.swift */ = {isa = PBXFileReference; fileEncoding = 4; lastKnownFileType = sourcecode.swift; path = GalleryView.swift; sourceTree = "<group>"; };
		D848B48A276612EC007A005E /* ImageLoader.swift */ = {isa = PBXFileReference; lastKnownFileType = sourcecode.swift; path = ImageLoader.swift; sourceTree = "<group>"; };
		D848B48C27661343007A005E /* AsyncImage.swift */ = {isa = PBXFileReference; lastKnownFileType = sourcecode.swift; path = AsyncImage.swift; sourceTree = "<group>"; };
		D848B48E27661530007A005E /* PhotoLibrary.swift */ = {isa = PBXFileReference; lastKnownFileType = sourcecode.swift; path = PhotoLibrary.swift; sourceTree = "<group>"; };
		D848B492276656B6007A005E /* ImageSliderView.swift */ = {isa = PBXFileReference; lastKnownFileType = sourcecode.swift; path = ImageSliderView.swift; sourceTree = "<group>"; };
/* End PBXFileReference section */

/* Begin PBXFrameworksBuildPhase section */
		D848B46A27661017007A005E /* Frameworks */ = {
			isa = PBXFrameworksBuildPhase;
			buildActionMask = 2147483647;
			files = (
				D8536ECD276B85C20019C05F /* Collections in Frameworks */,
				D8536ED1276B85C20019C05F /* OrderedCollections in Frameworks */,
				6F614D1B285A1A8F00524681 /* opencv2.framework in Frameworks */,
				D8536ECF276B85C20019C05F /* DequeModule in Frameworks */,
			);
			runOnlyForDeploymentPostprocessing = 0;
		};
/* End PBXFrameworksBuildPhase section */

/* Begin PBXGroup section */
		D83CEA37276B2D7400435CD0 /* Frameworks */ = {
			isa = PBXGroup;
			children = (
				6F614D1A285A1A8F00524681 /* opencv2.framework */,
			);
			name = Frameworks;
			sourceTree = "<group>";
		};
		D848B46427661017007A005E = {
			isa = PBXGroup;
			children = (
				D848B46F27661017007A005E /* Cherry */,
				D848B46E27661017007A005E /* Products */,
				D83CEA37276B2D7400435CD0 /* Frameworks */,
			);
			sourceTree = "<group>";
		};
		D848B46E27661017007A005E /* Products */ = {
			isa = PBXGroup;
			children = (
				D848B46D27661017007A005E /* Cherry.app */,
			);
			name = Products;
			sourceTree = "<group>";
		};
		D848B46F27661017007A005E /* Cherry */ = {
			isa = PBXGroup;
			children = (
				D848B47027661017007A005E /* CherryApp.swift */,
				D848B4862766121F007A005E /* GalleryView.swift */,
				D848B48E27661530007A005E /* PhotoLibrary.swift */,
				D848B492276656B6007A005E /* ImageSliderView.swift */,
				D848B48C27661343007A005E /* AsyncImage.swift */,
				D848B48A276612EC007A005E /* ImageLoader.swift */,
				D848B47427661018007A005E /* Assets.xcassets */,
				D848B47627661018007A005E /* Preview Content */,
				D83CEA3B276B2DC200435CD0 /* HistogramClassifier.h */,
				D83CEA3C276B2DC200435CD0 /* HistogramClassifier.mm */,
				D83CEA3A276B2DC200435CD0 /* Cherry-Bridging-Header.h */,
				6F614D1E285DC19A00524681 /* PhotoAsset.swift */,
				6F614D182859FFA100524681 /* PhotoAssetFetcher.swift */,
				6F614D20285DCB2E00524681 /* _ImageLoader.swift */,
				6F614D22285DCC2B00524681 /* CherryService.swift */,
			);
			path = Cherry;
			sourceTree = "<group>";
		};
		D848B47627661018007A005E /* Preview Content */ = {
			isa = PBXGroup;
			children = (
				D848B47727661018007A005E /* Preview Assets.xcassets */,
			);
			path = "Preview Content";
			sourceTree = "<group>";
		};
/* End PBXGroup section */

/* Begin PBXNativeTarget section */
		D848B46C27661017007A005E /* Cherry */ = {
			isa = PBXNativeTarget;
			buildConfigurationList = D848B47B27661018007A005E /* Build configuration list for PBXNativeTarget "Cherry" */;
			buildPhases = (
				D848B46927661017007A005E /* Sources */,
				D848B46A27661017007A005E /* Frameworks */,
				D848B46B27661017007A005E /* Resources */,
			);
			buildRules = (
			);
			dependencies = (
			);
			name = Cherry;
			packageProductDependencies = (
				D8536ECC276B85C20019C05F /* Collections */,
				D8536ECE276B85C20019C05F /* DequeModule */,
				D8536ED0276B85C20019C05F /* OrderedCollections */,
			);
			productName = Cherry;
			productReference = D848B46D27661017007A005E /* Cherry.app */;
			productType = "com.apple.product-type.application";
		};
/* End PBXNativeTarget section */

/* Begin PBXProject section */
		D848B46527661017007A005E /* Project object */ = {
			isa = PBXProject;
			attributes = {
				BuildIndependentTargetsInParallel = 1;
				LastSwiftUpdateCheck = 1300;
				LastUpgradeCheck = 1300;
				TargetAttributes = {
					D848B46C27661017007A005E = {
						CreatedOnToolsVersion = 13.0;
						LastSwiftMigration = 1300;
					};
				};
			};
			buildConfigurationList = D848B46827661017007A005E /* Build configuration list for PBXProject "Cherry" */;
			compatibilityVersion = "Xcode 13.0";
			developmentRegion = en;
			hasScannedForEncodings = 0;
			knownRegions = (
				en,
				Base,
			);
			mainGroup = D848B46427661017007A005E;
			packageReferences = (
				D8536ECB276B85C20019C05F /* XCRemoteSwiftPackageReference "swift-collections" */,
			);
			productRefGroup = D848B46E27661017007A005E /* Products */;
			projectDirPath = "";
			projectRoot = "";
			targets = (
				D848B46C27661017007A005E /* Cherry */,
			);
		};
/* End PBXProject section */

/* Begin PBXResourcesBuildPhase section */
		D848B46B27661017007A005E /* Resources */ = {
			isa = PBXResourcesBuildPhase;
			buildActionMask = 2147483647;
			files = (
				D848B47827661018007A005E /* Preview Assets.xcassets in Resources */,
				D848B47527661018007A005E /* Assets.xcassets in Resources */,
			);
			runOnlyForDeploymentPostprocessing = 0;
		};
/* End PBXResourcesBuildPhase section */

/* Begin PBXSourcesBuildPhase section */
		D848B46927661017007A005E /* Sources */ = {
			isa = PBXSourcesBuildPhase;
			buildActionMask = 2147483647;
			files = (
				D848B48D27661343007A005E /* AsyncImage.swift in Sources */,
				D848B47127661017007A005E /* CherryApp.swift in Sources */,
				6F614D1F285DC19A00524681 /* PhotoAsset.swift in Sources */,
				6F614D23285DCC2B00524681 /* CherryService.swift in Sources */,
				D83CEA3D276B2DC200435CD0 /* HistogramClassifier.mm in Sources */,
				D848B48F27661530007A005E /* PhotoLibrary.swift in Sources */,
				D848B48B276612EC007A005E /* ImageLoader.swift in Sources */,
				6F614D21285DCB2E00524681 /* _ImageLoader.swift in Sources */,
				D848B4882766121F007A005E /* GalleryView.swift in Sources */,
				6F614D192859FFA100524681 /* PhotoAssetFetcher.swift in Sources */,
				D848B493276656B6007A005E /* ImageSliderView.swift in Sources */,
			);
			runOnlyForDeploymentPostprocessing = 0;
		};
/* End PBXSourcesBuildPhase section */

/* Begin XCBuildConfiguration section */
		D848B47927661018007A005E /* Debug */ = {
			isa = XCBuildConfiguration;
			buildSettings = {
				ALWAYS_SEARCH_USER_PATHS = NO;
				CLANG_ANALYZER_NONNULL = YES;
				CLANG_ANALYZER_NUMBER_OBJECT_CONVERSION = YES_AGGRESSIVE;
				CLANG_CXX_LANGUAGE_STANDARD = "gnu++17";
				CLANG_CXX_LIBRARY = "libc++";
				CLANG_ENABLE_MODULES = YES;
				CLANG_ENABLE_OBJC_ARC = YES;
				CLANG_ENABLE_OBJC_WEAK = YES;
				CLANG_WARN_BLOCK_CAPTURE_AUTORELEASING = YES;
				CLANG_WARN_BOOL_CONVERSION = YES;
				CLANG_WARN_COMMA = YES;
				CLANG_WARN_CONSTANT_CONVERSION = YES;
				CLANG_WARN_DEPRECATED_OBJC_IMPLEMENTATIONS = YES;
				CLANG_WARN_DIRECT_OBJC_ISA_USAGE = YES_ERROR;
				CLANG_WARN_DOCUMENTATION_COMMENTS = YES;
				CLANG_WARN_EMPTY_BODY = YES;
				CLANG_WARN_ENUM_CONVERSION = YES;
				CLANG_WARN_INFINITE_RECURSION = YES;
				CLANG_WARN_INT_CONVERSION = YES;
				CLANG_WARN_NON_LITERAL_NULL_CONVERSION = YES;
				CLANG_WARN_OBJC_IMPLICIT_RETAIN_SELF = YES;
				CLANG_WARN_OBJC_LITERAL_CONVERSION = YES;
				CLANG_WARN_OBJC_ROOT_CLASS = YES_ERROR;
				CLANG_WARN_QUOTED_INCLUDE_IN_FRAMEWORK_HEADER = YES;
				CLANG_WARN_RANGE_LOOP_ANALYSIS = YES;
				CLANG_WARN_STRICT_PROTOTYPES = YES;
				CLANG_WARN_SUSPICIOUS_MOVE = YES;
				CLANG_WARN_UNGUARDED_AVAILABILITY = YES_AGGRESSIVE;
				CLANG_WARN_UNREACHABLE_CODE = YES;
				CLANG_WARN__DUPLICATE_METHOD_MATCH = YES;
				COPY_PHASE_STRIP = NO;
				DEBUG_INFORMATION_FORMAT = dwarf;
				ENABLE_STRICT_OBJC_MSGSEND = YES;
				ENABLE_TESTABILITY = YES;
				GCC_C_LANGUAGE_STANDARD = gnu11;
				GCC_DYNAMIC_NO_PIC = NO;
				GCC_NO_COMMON_BLOCKS = YES;
				GCC_OPTIMIZATION_LEVEL = 0;
				GCC_PREPROCESSOR_DEFINITIONS = (
					"DEBUG=1",
					"$(inherited)",
				);
				GCC_WARN_64_TO_32_BIT_CONVERSION = YES;
				GCC_WARN_ABOUT_RETURN_TYPE = YES_ERROR;
				GCC_WARN_UNDECLARED_SELECTOR = YES;
				GCC_WARN_UNINITIALIZED_AUTOS = YES_AGGRESSIVE;
				GCC_WARN_UNUSED_FUNCTION = YES;
				GCC_WARN_UNUSED_VARIABLE = YES;
				IPHONEOS_DEPLOYMENT_TARGET = 15.0;
				MTL_ENABLE_DEBUG_INFO = INCLUDE_SOURCE;
				MTL_FAST_MATH = YES;
				ONLY_ACTIVE_ARCH = YES;
				SDKROOT = iphoneos;
				SWIFT_ACTIVE_COMPILATION_CONDITIONS = DEBUG;
				SWIFT_OPTIMIZATION_LEVEL = "-Onone";
			};
			name = Debug;
		};
		D848B47A27661018007A005E /* Release */ = {
			isa = XCBuildConfiguration;
			buildSettings = {
				ALWAYS_SEARCH_USER_PATHS = NO;
				CLANG_ANALYZER_NONNULL = YES;
				CLANG_ANALYZER_NUMBER_OBJECT_CONVERSION = YES_AGGRESSIVE;
				CLANG_CXX_LANGUAGE_STANDARD = "gnu++17";
				CLANG_CXX_LIBRARY = "libc++";
				CLANG_ENABLE_MODULES = YES;
				CLANG_ENABLE_OBJC_ARC = YES;
				CLANG_ENABLE_OBJC_WEAK = YES;
				CLANG_WARN_BLOCK_CAPTURE_AUTORELEASING = YES;
				CLANG_WARN_BOOL_CONVERSION = YES;
				CLANG_WARN_COMMA = YES;
				CLANG_WARN_CONSTANT_CONVERSION = YES;
				CLANG_WARN_DEPRECATED_OBJC_IMPLEMENTATIONS = YES;
				CLANG_WARN_DIRECT_OBJC_ISA_USAGE = YES_ERROR;
				CLANG_WARN_DOCUMENTATION_COMMENTS = YES;
				CLANG_WARN_EMPTY_BODY = YES;
				CLANG_WARN_ENUM_CONVERSION = YES;
				CLANG_WARN_INFINITE_RECURSION = YES;
				CLANG_WARN_INT_CONVERSION = YES;
				CLANG_WARN_NON_LITERAL_NULL_CONVERSION = YES;
				CLANG_WARN_OBJC_IMPLICIT_RETAIN_SELF = YES;
				CLANG_WARN_OBJC_LITERAL_CONVERSION = YES;
				CLANG_WARN_OBJC_ROOT_CLASS = YES_ERROR;
				CLANG_WARN_QUOTED_INCLUDE_IN_FRAMEWORK_HEADER = YES;
				CLANG_WARN_RANGE_LOOP_ANALYSIS = YES;
				CLANG_WARN_STRICT_PROTOTYPES = YES;
				CLANG_WARN_SUSPICIOUS_MOVE = YES;
				CLANG_WARN_UNGUARDED_AVAILABILITY = YES_AGGRESSIVE;
				CLANG_WARN_UNREACHABLE_CODE = YES;
				CLANG_WARN__DUPLICATE_METHOD_MATCH = YES;
				COPY_PHASE_STRIP = NO;
				DEBUG_INFORMATION_FORMAT = "dwarf-with-dsym";
				ENABLE_NS_ASSERTIONS = NO;
				ENABLE_STRICT_OBJC_MSGSEND = YES;
				GCC_C_LANGUAGE_STANDARD = gnu11;
				GCC_NO_COMMON_BLOCKS = YES;
				GCC_WARN_64_TO_32_BIT_CONVERSION = YES;
				GCC_WARN_ABOUT_RETURN_TYPE = YES_ERROR;
				GCC_WARN_UNDECLARED_SELECTOR = YES;
				GCC_WARN_UNINITIALIZED_AUTOS = YES_AGGRESSIVE;
				GCC_WARN_UNUSED_FUNCTION = YES;
				GCC_WARN_UNUSED_VARIABLE = YES;
				IPHONEOS_DEPLOYMENT_TARGET = 15.0;
				MTL_ENABLE_DEBUG_INFO = NO;
				MTL_FAST_MATH = YES;
				SDKROOT = iphoneos;
				SWIFT_COMPILATION_MODE = wholemodule;
				SWIFT_OPTIMIZATION_LEVEL = "-O";
				VALIDATE_PRODUCT = YES;
			};
			name = Release;
		};
		D848B47C27661018007A005E /* Debug */ = {
			isa = XCBuildConfiguration;
			buildSettings = {
				ASSETCATALOG_COMPILER_APPICON_NAME = AppIcon;
				ASSETCATALOG_COMPILER_GLOBAL_ACCENT_COLOR_NAME = AccentColor;
				CLANG_ENABLE_MODULES = YES;
				CODE_SIGN_STYLE = Automatic;
				CURRENT_PROJECT_VERSION = 1;
				DEVELOPMENT_ASSET_PATHS = "\"Cherry/Preview Content\"";
				DEVELOPMENT_TEAM = Q988G87L89;
				ENABLE_PREVIEWS = YES;
				FRAMEWORK_SEARCH_PATHS = (
					"$(inherited)",
					"$(PROJECT_DIR)",
					"$(PROJECT_DIR)/Cherry",
				);
				GENERATE_INFOPLIST_FILE = YES;
				INFOPLIST_KEY_NSPhotoLibraryUsageDescription = "Use PhotoLibrary";
				INFOPLIST_KEY_UIApplicationSceneManifest_Generation = YES;
				INFOPLIST_KEY_UIApplicationSupportsIndirectInputEvents = YES;
				INFOPLIST_KEY_UILaunchScreen_Generation = YES;
				INFOPLIST_KEY_UISupportedInterfaceOrientations_iPad = "UIInterfaceOrientationPortrait UIInterfaceOrientationPortraitUpsideDown UIInterfaceOrientationLandscapeLeft UIInterfaceOrientationLandscapeRight";
				INFOPLIST_KEY_UISupportedInterfaceOrientations_iPhone = "UIInterfaceOrientationPortrait UIInterfaceOrientationLandscapeLeft UIInterfaceOrientationLandscapeRight";
				IPHONEOS_DEPLOYMENT_TARGET = 15.0;
				LD_RUNPATH_SEARCH_PATHS = (
					"$(inherited)",
					"@executable_path/Frameworks",
				);
				MARKETING_VERSION = 1.0;
				PRODUCT_BUNDLE_IDENTIFIER = "com.crev.Cherry-";
				PRODUCT_NAME = "$(TARGET_NAME)";
				SWIFT_EMIT_LOC_STRINGS = YES;
				SWIFT_OBJC_BRIDGING_HEADER = "Cherry/Cherry-Bridging-Header.h";
				SWIFT_OPTIMIZATION_LEVEL = "-Onone";
				SWIFT_VERSION = 5.0;
				TARGETED_DEVICE_FAMILY = "1,2";
			};
			name = Debug;
		};
		D848B47D27661018007A005E /* Release */ = {
			isa = XCBuildConfiguration;
			buildSettings = {
				ASSETCATALOG_COMPILER_APPICON_NAME = AppIcon;
				ASSETCATALOG_COMPILER_GLOBAL_ACCENT_COLOR_NAME = AccentColor;
				CLANG_ENABLE_MODULES = YES;
				CODE_SIGN_STYLE = Automatic;
				CURRENT_PROJECT_VERSION = 1;
				DEVELOPMENT_ASSET_PATHS = "\"Cherry/Preview Content\"";
				DEVELOPMENT_TEAM = Q988G87L89;
				ENABLE_PREVIEWS = YES;
				FRAMEWORK_SEARCH_PATHS = (
					"$(inherited)",
					"$(PROJECT_DIR)",
					"$(PROJECT_DIR)/Cherry",
				);
				GENERATE_INFOPLIST_FILE = YES;
				INFOPLIST_KEY_NSPhotoLibraryUsageDescription = "Use PhotoLibrary";
				INFOPLIST_KEY_UIApplicationSceneManifest_Generation = YES;
				INFOPLIST_KEY_UIApplicationSupportsIndirectInputEvents = YES;
				INFOPLIST_KEY_UILaunchScreen_Generation = YES;
				INFOPLIST_KEY_UISupportedInterfaceOrientations_iPad = "UIInterfaceOrientationPortrait UIInterfaceOrientationPortraitUpsideDown UIInterfaceOrientationLandscapeLeft UIInterfaceOrientationLandscapeRight";
				INFOPLIST_KEY_UISupportedInterfaceOrientations_iPhone = "UIInterfaceOrientationPortrait UIInterfaceOrientationLandscapeLeft UIInterfaceOrientationLandscapeRight";
				IPHONEOS_DEPLOYMENT_TARGET = 15.0;
				LD_RUNPATH_SEARCH_PATHS = (
					"$(inherited)",
					"@executable_path/Frameworks",
				);
				MARKETING_VERSION = 1.0;
				PRODUCT_BUNDLE_IDENTIFIER = "com.crev.Cherry-";
				PRODUCT_NAME = "$(TARGET_NAME)";
				SWIFT_EMIT_LOC_STRINGS = YES;
				SWIFT_OBJC_BRIDGING_HEADER = "Cherry/Cherry-Bridging-Header.h";
				SWIFT_VERSION = 5.0;
				TARGETED_DEVICE_FAMILY = "1,2";
			};
			name = Release;
		};
/* End XCBuildConfiguration section */

/* Begin XCConfigurationList section */
		D848B46827661017007A005E /* Build configuration list for PBXProject "Cherry" */ = {
			isa = XCConfigurationList;
			buildConfigurations = (
				D848B47927661018007A005E /* Debug */,
				D848B47A27661018007A005E /* Release */,
			);
			defaultConfigurationIsVisible = 0;
			defaultConfigurationName = Release;
		};
		D848B47B27661018007A005E /* Build configuration list for PBXNativeTarget "Cherry" */ = {
			isa = XCConfigurationList;
			buildConfigurations = (
				D848B47C27661018007A005E /* Debug */,
				D848B47D27661018007A005E /* Release */,
			);
			defaultConfigurationIsVisible = 0;
			defaultConfigurationName = Release;
		};
/* End XCConfigurationList section */

/* Begin XCRemoteSwiftPackageReference section */
		D8536ECB276B85C20019C05F /* XCRemoteSwiftPackageReference "swift-collections" */ = {
			isa = XCRemoteSwiftPackageReference;
			repositoryURL = "https://github.com/apple/swift-collections.git";
			requirement = {
				kind = upToNextMajorVersion;
				minimumVersion = 1.0.0;
			};
		};
/* End XCRemoteSwiftPackageReference section */

/* Begin XCSwiftPackageProductDependency section */
		D8536ECC276B85C20019C05F /* Collections */ = {
			isa = XCSwiftPackageProductDependency;
			package = D8536ECB276B85C20019C05F /* XCRemoteSwiftPackageReference "swift-collections" */;
			productName = Collections;
		};
		D8536ECE276B85C20019C05F /* DequeModule */ = {
			isa = XCSwiftPackageProductDependency;
			package = D8536ECB276B85C20019C05F /* XCRemoteSwiftPackageReference "swift-collections" */;
			productName = DequeModule;
		};
		D8536ED0276B85C20019C05F /* OrderedCollections */ = {
			isa = XCSwiftPackageProductDependency;
			package = D8536ECB276B85C20019C05F /* XCRemoteSwiftPackageReference "swift-collections" */;
			productName = OrderedCollections;
		};
/* End XCSwiftPackageProductDependency section */
	};
	rootObject = D848B46527661017007A005E /* Project object */;
}
